// !$*UTF8*$!
{
	archiveVersion = 1;
	classes = {
	};
	objectVersion = 77;
	objects = {

/* Begin PBXBuildFile section */
		05D713FCDD53F46F64B743B2 /* WidgetEntry.swift in Sources */ = {isa = PBXBuildFile; fileRef = 4D42315E75821D881F0AFEB8 /* WidgetEntry.swift */; };
		1C2BF16EB926075D1ABE048A /* WidgetProvider.swift in Sources */ = {isa = PBXBuildFile; fileRef = A7D5A8169BBE9FF4971056B1 /* WidgetProvider.swift */; };
		67564F262FD17414009899D6 /* WidgetKit.framework in Frameworks */ = {isa = PBXBuildFile; fileRef = 67564F252FD17413009899D6 /* WidgetKit.framework */; };
		67564F272FD17414009899D6 /* SwiftUI.framework in Frameworks */ = {isa = PBXBuildFile; fileRef = 67A870F62FAF23C3005B23F5 /* SwiftUI.framework */; };
		67564F382FD17414009899D6 /* ForeWizLiveActivityExtension.appex in Embed Foundation Extensions */ = {isa = PBXBuildFile; fileRef = 67564F242FD17413009899D6 /* ForeWizLiveActivityExtension.appex */; settings = {ATTRIBUTES = (RemoveHeadersOnCopy, ); }; };
		67564F402FD17827009899D6 /* WizPathKit in Frameworks */ = {isa = PBXBuildFile; productRef = 67564F3F2FD17827009899D6 /* WizPathKit */; };
		81577DD945414BF39FE19D55 /* WidgetLocalization.swift in Sources */ = {isa = PBXBuildFile; fileRef = A551890B6D02452D94CF2556 /* WidgetLocalization.swift */; };
		8857A0861617D03FE3A2F893 /* WeatherWidgetData.swift in Sources */ = {isa = PBXBuildFile; fileRef = FA4934CEF03C1F8AFB1D8CD0 /* WeatherWidgetData.swift */; };
		A1B2C3D4E5F6A7B8C9D0E1F4 /* GoogleMobileAds in Frameworks */ = {isa = PBXBuildFile; productRef = A1B2C3D4E5F6A7B8C9D0E1F3 /* GoogleMobileAds */; };
		ABF91AE18F5E47C491258AB9 /* WizPathKit in Frameworks */ = {isa = PBXBuildFile; productRef = 602DB7FA0C674B51B697523A /* WizPathKit */; };
		B7D4C6A8E2F14A29901BC001 /* GoogleUserMessagingPlatform in Frameworks */ = {isa = PBXBuildFile; productRef = B7D4C6A8E2F14A29901BC003 /* GoogleUserMessagingPlatform */; };
		B7D4C6A8E2F14A29901BC005 /* PrivacyInfo.xcprivacy in Resources */ = {isa = PBXBuildFile; fileRef = B7D4C6A8E2F14A29901BC004 /* PrivacyInfo.xcprivacy */; };
		CF1EBD77B318F138E0340411 /* ForeWizWidgets.swift in Sources */ = {isa = PBXBuildFile; fileRef = 529B75580BA0BED5EF21E057 /* ForeWizWidgets.swift */; };
		D89F44D3F29829B0131566E4 /* Foundation.framework in Frameworks */ = {isa = PBXBuildFile; fileRef = 4E49C9E979C0B1315F9DFF77 /* Foundation.framework */; };
		DFDF4C16A8CA405E88E3E49A /* ForeWizWidgets.appex in Embed Foundation Extensions */ = {isa = PBXBuildFile; fileRef = 9D9DE3BF4DE0B5D49185C0A4 /* ForeWizWidgets.appex */; };
		FBA2748D8C01D1F62A954030 /* WidgetViews.swift in Sources */ = {isa = PBXBuildFile; fileRef = 47375B365A07D56FEDCC1930 /* WidgetViews.swift */; };
/* End PBXBuildFile section */

/* Begin PBXContainerItemProxy section */
		67305E882F9E05220034CAA8 /* PBXContainerItemProxy */ = {
			isa = PBXContainerItemProxy;
			containerPortal = 67305E6D2F9E05210034CAA8 /* Project object */;
			proxyType = 1;
			remoteGlobalIDString = 67305E742F9E05210034CAA8;
			remoteInfo = ForeWiz;
		};
		67305E922F9E05220034CAA8 /* PBXContainerItemProxy */ = {
			isa = PBXContainerItemProxy;
			containerPortal = 67305E6D2F9E05210034CAA8 /* Project object */;
			proxyType = 1;
			remoteGlobalIDString = 67305E742F9E05210034CAA8;
			remoteInfo = ForeWiz;
		};
		67564F362FD17414009899D6 /* PBXContainerItemProxy */ = {
			isa = PBXContainerItemProxy;
			containerPortal = 67305E6D2F9E05210034CAA8 /* Project object */;
			proxyType = 1;
			remoteGlobalIDString = 67564F232FD17413009899D6;
			remoteInfo = ForeWizLiveActivityExtension;
		};
		FACC8AFBFA07684E5F6E3DC6 /* PBXContainerItemProxy */ = {
			isa = PBXContainerItemProxy;
			containerPortal = 67305E6D2F9E05210034CAA8 /* Project object */;
			proxyType = 1;
			remoteGlobalIDString = 2357DA48CC34D4BA746157BE;
			remoteInfo = ForeWizWidgets;
		};
/* End PBXContainerItemProxy section */

/* Begin PBXCopyFilesBuildPhase section */
		67A871092FAF23C4005B23F5 /* Embed Foundation Extensions */ = {
			isa = PBXCopyFilesBuildPhase;
			buildActionMask = 2147483647;
			dstPath = "";
			dstSubfolderSpec = 13;
			files = (
				67564F382FD17414009899D6 /* ForeWizLiveActivityExtension.appex in Embed Foundation Extensions */,
				DFDF4C16A8CA405E88E3E49A /* ForeWizWidgets.appex in Embed Foundation Extensions */,
			);
			name = "Embed Foundation Extensions";
			runOnlyForDeploymentPostprocessing = 0;
		};
/* End PBXCopyFilesBuildPhase section */

/* Begin PBXFileReference section */
		47375B365A07D56FEDCC1930 /* WidgetViews.swift */ = {isa = PBXFileReference; includeInIndex = 1; lastKnownFileType = sourcecode.swift; name = WidgetViews.swift; path = ForeWizWidgets/WidgetViews.swift; sourceTree = "<group>"; };
		4D42315E75821D881F0AFEB8 /* WidgetEntry.swift */ = {isa = PBXFileReference; includeInIndex = 1; lastKnownFileType = sourcecode.swift; name = WidgetEntry.swift; path = ForeWizWidgets/WidgetEntry.swift; sourceTree = "<group>"; };
		4E49C9E979C0B1315F9DFF77 /* Foundation.framework */ = {isa = PBXFileReference; lastKnownFileType = wrapper.framework; name = Foundation.framework; path = Platforms/iPhoneOS.platform/Developer/SDKs/iPhoneOS18.0.sdk/System/Library/Frameworks/Foundation.framework; sourceTree = DEVELOPER_DIR; };
		529B75580BA0BED5EF21E057 /* ForeWizWidgets.swift */ = {isa = PBXFileReference; includeInIndex = 1; lastKnownFileType = sourcecode.swift; name = ForeWizWidgets.swift; path = ForeWizWidgets/ForeWizWidgets.swift; sourceTree = "<group>"; };
		67305E752F9E05210034CAA8 /* ForeWiz.app */ = {isa = PBXFileReference; explicitFileType = wrapper.application; includeInIndex = 0; path = ForeWiz.app; sourceTree = BUILT_PRODUCTS_DIR; };
		67305E872F9E05220034CAA8 /* ForeWizTests.xctest */ = {isa = PBXFileReference; explicitFileType = wrapper.cfbundle; includeInIndex = 0; path = ForeWizTests.xctest; sourceTree = BUILT_PRODUCTS_DIR; };
		67305E912F9E05220034CAA8 /* ForeWizUITests.xctest */ = {isa = PBXFileReference; explicitFileType = wrapper.cfbundle; includeInIndex = 0; path = ForeWizUITests.xctest; sourceTree = BUILT_PRODUCTS_DIR; };
		67564F242FD17413009899D6 /* ForeWizLiveActivityExtension.appex */ = {isa = PBXFileReference; explicitFileType = "wrapper.app-extension"; includeInIndex = 0; path = ForeWizLiveActivityExtension.appex; sourceTree = BUILT_PRODUCTS_DIR; };
		67564F252FD17413009899D6 /* WidgetKit.framework */ = {isa = PBXFileReference; lastKnownFileType = wrapper.framework; name = WidgetKit.framework; path = System/Library/Frameworks/WidgetKit.framework; sourceTree = SDKROOT; };
		67A870F62FAF23C3005B23F5 /* SwiftUI.framework */ = {isa = PBXFileReference; lastKnownFileType = wrapper.framework; name = SwiftUI.framework; path = System/Library/Frameworks/SwiftUI.framework; sourceTree = SDKROOT; };
		9D9DE3BF4DE0B5D49185C0A4 /* ForeWizWidgets.appex */ = {isa = PBXFileReference; includeInIndex = 0; lastKnownFileType = "wrapper.extensionkit-extension"; path = ForeWizWidgets.appex; sourceTree = BUILT_PRODUCTS_DIR; };
		A551890B6D02452D94CF2556 /* WidgetLocalization.swift */ = {isa = PBXFileReference; includeInIndex = 1; lastKnownFileType = sourcecode.swift; name = WidgetLocalization.swift; path = ForeWizWidgets/WidgetLocalization.swift; sourceTree = "<group>"; };
		A7D5A8169BBE9FF4971056B1 /* WidgetProvider.swift */ = {isa = PBXFileReference; includeInIndex = 1; lastKnownFileType = sourcecode.swift; name = WidgetProvider.swift; path = ForeWizWidgets/WidgetProvider.swift; sourceTree = "<group>"; };
		B7D4C6A8E2F14A29901BC004 /* PrivacyInfo.xcprivacy */ = {isa = PBXFileReference; includeInIndex = 1; lastKnownFileType = text.xml; name = PrivacyInfo.xcprivacy; path = ForeWizWidgets/PrivacyInfo.xcprivacy; sourceTree = "<group>"; };
		FA4934CEF03C1F8AFB1D8CD0 /* WeatherWidgetData.swift */ = {isa = PBXFileReference; includeInIndex = 1; lastKnownFileType = sourcecode.swift; name = WeatherWidgetData.swift; path = ForeWizWidgets/WeatherWidgetData.swift; sourceTree = "<group>"; };
/* End PBXFileReference section */

/* Begin PBXFileSystemSynchronizedBuildFileExceptionSet section */
		67564F3C2FD17414009899D6 /* Exceptions for "ForeWizLiveActivity" folder in "ForeWizLiveActivityExtension" target */ = {
			isa = PBXFileSystemSynchronizedBuildFileExceptionSet;
			membershipExceptions = (
				Info.plist,
			);
			target = 67564F232FD17413009899D6 /* ForeWizLiveActivityExtension */;
		};
		B1F0A16E3A734D4D8B7C0A01 /* Exceptions for "ForeWiz" folder in "ForeWiz" target */ = {
			isa = PBXFileSystemSynchronizedBuildFileExceptionSet;
			membershipExceptions = (
				Info.plist,
				LaunchScreen.storyboard,
			);
			target = 67305E742F9E05210034CAA8 /* ForeWiz */;
		};
/* End PBXFileSystemSynchronizedBuildFileExceptionSet section */

/* Begin PBXFileSystemSynchronizedRootGroup section */
		67305E772F9E05210034CAA8 /* ForeWiz */ = {
			isa = PBXFileSystemSynchronizedRootGroup;
			exceptions = (
				B1F0A16E3A734D4D8B7C0A01 /* Exceptions for "ForeWiz" folder in "ForeWiz" target */,
			);
			path = ForeWiz;
			sourceTree = "<group>";
		};
		67305E8A2F9E05220034CAA8 /* ForeWizTests */ = {
			isa = PBXFileSystemSynchronizedRootGroup;
			path = ForeWizTests;
			sourceTree = "<group>";
		};
		67305E942F9E05220034CAA8 /* ForeWizUITests */ = {
			isa = PBXFileSystemSynchronizedRootGroup;
			path = ForeWizUITests;
			sourceTree = "<group>";
		};
		67564F282FD17414009899D6 /* ForeWizLiveActivity */ = {
			isa = PBXFileSystemSynchronizedRootGroup;
			exceptions = (
				67564F3C2FD17414009899D6 /* Exceptions for "ForeWizLiveActivity" folder in "ForeWizLiveActivityExtension" target */,
			);
			path = ForeWizLiveActivity;
			sourceTree = "<group>";
		};
/* End PBXFileSystemSynchronizedRootGroup section */

/* Begin PBXFrameworksBuildPhase section */
		490988393F1B08FF1F2D0053 /* Frameworks */ = {
			isa = PBXFrameworksBuildPhase;
			buildActionMask = 2147483647;
			files = (
				D89F44D3F29829B0131566E4 /* Foundation.framework in Frameworks */,
			);
			runOnlyForDeploymentPostprocessing = 0;
		};
		67305E722F9E05210034CAA8 /* Frameworks */ = {
			isa = PBXFrameworksBuildPhase;
			buildActionMask = 2147483647;
			files = (
				ABF91AE18F5E47C491258AB9 /* WizPathKit in Frameworks */,
				A1B2C3D4E5F6A7B8C9D0E1F4 /* GoogleMobileAds in Frameworks */,
				B7D4C6A8E2F14A29901BC001 /* GoogleUserMessagingPlatform in Frameworks */,
			);
			runOnlyForDeploymentPostprocessing = 0;
		};
		67305E842F9E05220034CAA8 /* Frameworks */ = {
			isa = PBXFrameworksBuildPhase;
			buildActionMask = 2147483647;
			files = (
			);
			runOnlyForDeploymentPostprocessing = 0;
		};
		67305E8E2F9E05220034CAA8 /* Frameworks */ = {
			isa = PBXFrameworksBuildPhase;
			buildActionMask = 2147483647;
			files = (
			);
			runOnlyForDeploymentPostprocessing = 0;
		};
		67564F212FD17413009899D6 /* Frameworks */ = {
			isa = PBXFrameworksBuildPhase;
			buildActionMask = 2147483647;
			files = (
				67564F402FD17827009899D6 /* WizPathKit in Frameworks */,
				67564F272FD17414009899D6 /* SwiftUI.framework in Frameworks */,
				67564F262FD17414009899D6 /* WidgetKit.framework in Frameworks */,
			);
			runOnlyForDeploymentPostprocessing = 0;
		};
/* End PBXFrameworksBuildPhase section */

/* Begin PBXGroup section */
		67305E6C2F9E05210034CAA8 = {
			isa = PBXGroup;
			children = (
				67305E772F9E05210034CAA8 /* ForeWiz */,
				67305E8A2F9E05220034CAA8 /* ForeWizTests */,
				67305E942F9E05220034CAA8 /* ForeWizUITests */,
				67564F282FD17414009899D6 /* ForeWizLiveActivity */,
				67305E762F9E05210034CAA8 /* Products */,
				6ED844C788CEA9D0CB5F6C13 /* Frameworks */,
				6D1B4B443E2ACE9A81A5C7EE /* ForeWizWidgets */,
			);
			sourceTree = "<group>";
		};
		67305E762F9E05210034CAA8 /* Products */ = {
			isa = PBXGroup;
			children = (
				67305E752F9E05210034CAA8 /* ForeWiz.app */,
				67305E872F9E05220034CAA8 /* ForeWizTests.xctest */,
				67305E912F9E05220034CAA8 /* ForeWizUITests.xctest */,
				9D9DE3BF4DE0B5D49185C0A4 /* ForeWizWidgets.appex */,
				67564F242FD17413009899D6 /* ForeWizLiveActivityExtension.appex */,
			);
			name = Products;
			sourceTree = "<group>";
		};
		6D1B4B443E2ACE9A81A5C7EE /* ForeWizWidgets */ = {
			isa = PBXGroup;
			children = (
				529B75580BA0BED5EF21E057 /* ForeWizWidgets.swift */,
				FA4934CEF03C1F8AFB1D8CD0 /* WeatherWidgetData.swift */,
				4D42315E75821D881F0AFEB8 /* WidgetEntry.swift */,
				A7D5A8169BBE9FF4971056B1 /* WidgetProvider.swift */,
				47375B365A07D56FEDCC1930 /* WidgetViews.swift */,
				A551890B6D02452D94CF2556 /* WidgetLocalization.swift */,
				B7D4C6A8E2F14A29901BC004 /* PrivacyInfo.xcprivacy */,
			);
			name = ForeWizWidgets;
			sourceTree = "<group>";
		};
		6ED844C788CEA9D0CB5F6C13 /* Frameworks */ = {
			isa = PBXGroup;
			children = (
				67A870F62FAF23C3005B23F5 /* SwiftUI.framework */,
				9C45BF21D6CD16A672EF7A43 /* iOS */,
				67564F252FD17413009899D6 /* WidgetKit.framework */,
			);
			name = Frameworks;
			sourceTree = "<group>";
		};
		9C45BF21D6CD16A672EF7A43 /* iOS */ = {
			isa = PBXGroup;
			children = (
				4E49C9E979C0B1315F9DFF77 /* Foundation.framework */,
			);
			name = iOS;
			sourceTree = "<group>";
		};
/* End PBXGroup section */

/* Begin PBXNativeTarget section */
		2357DA48CC34D4BA746157BE /* ForeWizWidgets */ = {
			isa = PBXNativeTarget;
			buildConfigurationList = CFF4270BA14DFACD9DB5CE42 /* Build configuration list for PBXNativeTarget "ForeWizWidgets" */;
			buildPhases = (
				5594EBC708325250724D0D2F /* Sources */,
				490988393F1B08FF1F2D0053 /* Frameworks */,
				E11ED4EE7925B7FCD2B496D2 /* Resources */,
			);
			buildRules = (
			);
			dependencies = (
			);
			name = ForeWizWidgets;
			productName = ForeWizWidgets;
			productReference = 9D9DE3BF4DE0B5D49185C0A4 /* ForeWizWidgets.appex */;
			productType = "com.apple.product-type.app-extension";
		};
		67305E742F9E05210034CAA8 /* ForeWiz */ = {
			isa = PBXNativeTarget;
			buildConfigurationList = 67305E9B2F9E05220034CAA8 /* Build configuration list for PBXNativeTarget "ForeWiz" */;
			buildPhases = (
				67305E712F9E05210034CAA8 /* Sources */,
				67305E722F9E05210034CAA8 /* Frameworks */,
				67305E732F9E05210034CAA8 /* Resources */,
				67A871092FAF23C4005B23F5 /* Embed Foundation Extensions */,
			);
			buildRules = (
			);
			dependencies = (
				19EE32935B07FCF47BEDCF0E /* PBXTargetDependency */,
				67564F372FD17414009899D6 /* PBXTargetDependency */,
			);
			fileSystemSynchronizedGroups = (
				67305E772F9E05210034CAA8 /* ForeWiz */,
			);
			name = ForeWiz;
			packageProductDependencies = (
				A1B2C3D4E5F6A7B8C9D0E1F3 /* GoogleMobileAds */,
				B7D4C6A8E2F14A29901BC003 /* GoogleUserMessagingPlatform */,
				602DB7FA0C674B51B697523A /* WizPathKit */,
			);
			productName = ForeWiz;
			productReference = 67305E752F9E05210034CAA8 /* ForeWiz.app */;
			productType = "com.apple.product-type.application";
		};
		67305E862F9E05220034CAA8 /* ForeWizTests */ = {
			isa = PBXNativeTarget;
			buildConfigurationList = 67305E9E2F9E05220034CAA8 /* Build configuration list for PBXNativeTarget "ForeWizTests" */;
			buildPhases = (
				67305E832F9E05220034CAA8 /* Sources */,
				67305E842F9E05220034CAA8 /* Frameworks */,
				67305E852F9E05220034CAA8 /* Resources */,
			);
			buildRules = (
			);
			dependencies = (
				67305E892F9E05220034CAA8 /* PBXTargetDependency */,
			);
			fileSystemSynchronizedGroups = (
				67305E8A2F9E05220034CAA8 /* ForeWizTests */,
			);
			name = ForeWizTests;
			productName = ForeWizTests;
			productReference = 67305E872F9E05220034CAA8 /* ForeWizTests.xctest */;
			productType = "com.apple.product-type.bundle.unit-test";
		};
		67305E902F9E05220034CAA8 /* ForeWizUITests */ = {
			isa = PBXNativeTarget;
			buildConfigurationList = 67305EA12F9E05220034CAA8 /* Build configuration list for PBXNativeTarget "ForeWizUITests" */;
			buildPhases = (
				67305E8D2F9E05220034CAA8 /* Sources */,
				67305E8E2F9E05220034CAA8 /* Frameworks */,
				67305E8F2F9E05220034CAA8 /* Resources */,
			);
			buildRules = (
			);
			dependencies = (
				67305E932F9E05220034CAA8 /* PBXTargetDependency */,
			);
			fileSystemSynchronizedGroups = (
				67305E942F9E05220034CAA8 /* ForeWizUITests */,
			);
			name = ForeWizUITests;
			productName = ForeWizUITests;
			productReference = 67305E912F9E05220034CAA8 /* ForeWizUITests.xctest */;
			productType = "com.apple.product-type.bundle.ui-testing";
		};
		67564F232FD17413009899D6 /* ForeWizLiveActivityExtension */ = {
			isa = PBXNativeTarget;
			buildConfigurationList = 67564F392FD17414009899D6 /* Build configuration list for PBXNativeTarget "ForeWizLiveActivityExtension" */;
			buildPhases = (
				67564F202FD17413009899D6 /* Sources */,
				67564F212FD17413009899D6 /* Frameworks */,
				67564F222FD17413009899D6 /* Resources */,
			);
			buildRules = (
			);
			dependencies = (
			);
			fileSystemSynchronizedGroups = (
				67564F282FD17414009899D6 /* ForeWizLiveActivity */,
			);
			name = ForeWizLiveActivityExtension;
			packageProductDependencies = (
				67564F3F2FD17827009899D6 /* WizPathKit */,
			);
			productName = ForeWizLiveActivityExtension;
			productReference = 67564F242FD17413009899D6 /* ForeWizLiveActivityExtension.appex */;
			productType = "com.apple.product-type.app-extension";
		};
/* End PBXNativeTarget section */

/* Begin PBXProject section */
		67305E6D2F9E05210034CAA8 /* Project object */ = {
			isa = PBXProject;
			attributes = {
				BuildIndependentTargetsInParallel = 1;
				LastSwiftUpdateCheck = 2650;
				LastUpgradeCheck = 1600;
				TargetAttributes = {
					67305E742F9E05210034CAA8 = {
						CreatedOnToolsVersion = 16.0;
					};
					67305E862F9E05220034CAA8 = {
						CreatedOnToolsVersion = 16.0;
						TestTargetID = 67305E742F9E05210034CAA8;
					};
					67305E902F9E05220034CAA8 = {
						CreatedOnToolsVersion = 16.0;
						TestTargetID = 67305E742F9E05210034CAA8;
					};
					67564F232FD17413009899D6 = {
						CreatedOnToolsVersion = 26.5;
					};
				};
			};
			buildConfigurationList = 67305E702F9E05210034CAA8 /* Build configuration list for PBXProject "ForeWiz" */;
			developmentRegion = en;
			hasScannedForEncodings = 0;
			knownRegions = (
				en,
				tr,
				Base,
			);
			mainGroup = 67305E6C2F9E05210034CAA8;
			minimizedProjectReferenceProxies = 1;
			packageReferences = (
				8671DBB5C9BD4E30B82824EF /* XCLocalSwiftPackageReference "Packages/WizPathKit" */,
				A1B2C3D4E5F6A7B8C9D0E1F2 /* XCRemoteSwiftPackageReference "swift-package-manager-google-mobile-ads" */,
				B7D4C6A8E2F14A29901BC002 /* XCRemoteSwiftPackageReference "swift-package-manager-google-user-messaging-platform" */,
			);
			preferredProjectObjectVersion = 77;
			productRefGroup = 67305E762F9E05210034CAA8 /* Products */;
			projectDirPath = "";
			projectRoot = "";
			targets = (
				67305E742F9E05210034CAA8 /* ForeWiz */,
				67305E862F9E05220034CAA8 /* ForeWizTests */,
				67305E902F9E05220034CAA8 /* ForeWizUITests */,
				2357DA48CC34D4BA746157BE /* ForeWizWidgets */,
				67564F232FD17413009899D6 /* ForeWizLiveActivityExtension */,
			);
		};
/* End PBXProject section */

/* Begin PBXResourcesBuildPhase section */
		67305E732F9E05210034CAA8 /* Resources */ = {
			isa = PBXResourcesBuildPhase;
			buildActionMask = 2147483647;
			files = (
			);
			runOnlyForDeploymentPostprocessing = 0;
		};
		67305E852F9E05220034CAA8 /* Resources */ = {
			isa = PBXResourcesBuildPhase;
			buildActionMask = 2147483647;
			files = (
			);
			runOnlyForDeploymentPostprocessing = 0;
		};
		67305E8F2F9E05220034CAA8 /* Resources */ = {
			isa = PBXResourcesBuildPhase;
			buildActionMask = 2147483647;
			files = (
			);
			runOnlyForDeploymentPostprocessing = 0;
		};
		67564F222FD17413009899D6 /* Resources */ = {
			isa = PBXResourcesBuildPhase;
			buildActionMask = 2147483647;
			files = (
			);
			runOnlyForDeploymentPostprocessing = 0;
		};
		E11ED4EE7925B7FCD2B496D2 /* Resources */ = {
			isa = PBXResourcesBuildPhase;
			buildActionMask = 2147483647;
			files = (
				B7D4C6A8E2F14A29901BC005 /* PrivacyInfo.xcprivacy in Resources */,
			);
			runOnlyForDeploymentPostprocessing = 0;
		};
/* End PBXResourcesBuildPhase section */

/* Begin PBXSourcesBuildPhase section */
		5594EBC708325250724D0D2F /* Sources */ = {
			isa = PBXSourcesBuildPhase;
			buildActionMask = 2147483647;
			files = (
				CF1EBD77B318F138E0340411 /* ForeWizWidgets.swift in Sources */,
				8857A0861617D03FE3A2F893 /* WeatherWidgetData.swift in Sources */,
				05D713FCDD53F46F64B743B2 /* WidgetEntry.swift in Sources */,
				1C2BF16EB926075D1ABE048A /* WidgetProvider.swift in Sources */,
				FBA2748D8C01D1F62A954030 /* WidgetViews.swift in Sources */,
				81577DD945414BF39FE19D55 /* WidgetLocalization.swift in Sources */,
			);
			runOnlyForDeploymentPostprocessing = 0;
		};
		67305E712F9E05210034CAA8 /* Sources */ = {
			isa = PBXSourcesBuildPhase;
			buildActionMask = 2147483647;
			files = (
			);
			runOnlyForDeploymentPostprocessing = 0;
		};
		67305E832F9E05220034CAA8 /* Sources */ = {
			isa = PBXSourcesBuildPhase;
			buildActionMask = 2147483647;
			files = (
			);
			runOnlyForDeploymentPostprocessing = 0;
		};
		67305E8D2F9E05220034CAA8 /* Sources */ = {
			isa = PBXSourcesBuildPhase;
			buildActionMask = 2147483647;
			files = (
			);
			runOnlyForDeploymentPostprocessing = 0;
		};
		67564F202FD17413009899D6 /* Sources */ = {
			isa = PBXSourcesBuildPhase;
			buildActionMask = 2147483647;
			files = (
			);
			runOnlyForDeploymentPostprocessing = 0;
		};
/* End PBXSourcesBuildPhase section */

/* Begin PBXTargetDependency section */
		19EE32935B07FCF47BEDCF0E /* PBXTargetDependency */ = {
			isa = PBXTargetDependency;
			name = ForeWizWidgets;
			target = 2357DA48CC34D4BA746157BE /* ForeWizWidgets */;
			targetProxy = FACC8AFBFA07684E5F6E3DC6 /* PBXContainerItemProxy */;
		};
		67305E892F9E05220034CAA8 /* PBXTargetDependency */ = {
			isa = PBXTargetDependency;
			target = 67305E742F9E05210034CAA8 /* ForeWiz */;
			targetProxy = 67305E882F9E05220034CAA8 /* PBXContainerItemProxy */;
		};
		67305E932F9E05220034CAA8 /* PBXTargetDependency */ = {
			isa = PBXTargetDependency;
			target = 67305E742F9E05210034CAA8 /* ForeWiz */;
			targetProxy = 67305E922F9E05220034CAA8 /* PBXContainerItemProxy */;
		};
		67564F372FD17414009899D6 /* PBXTargetDependency */ = {
			isa = PBXTargetDependency;
			target = 67564F232FD17413009899D6 /* ForeWizLiveActivityExtension */;
			targetProxy = 67564F362FD17414009899D6 /* PBXContainerItemProxy */;
		};
/* End PBXTargetDependency section */

/* Begin XCBuildConfiguration section */
		67305E992F9E05220034CAA8 /* Debug */ = {
			isa = XCBuildConfiguration;
			buildSettings = {
				ALWAYS_SEARCH_USER_PATHS = NO;
				ASSETCATALOG_COMPILER_GENERATE_SWIFT_ASSET_SYMBOL_EXTENSIONS = YES;
				CLANG_ANALYZER_NONNULL = YES;
				CLANG_ANALYZER_NUMBER_OBJECT_CONVERSION = YES_AGGRESSIVE;
				CLANG_CXX_LANGUAGE_STANDARD = "gnu++20";
				CLANG_ENABLE_MODULES = YES;
				CLANG_ENABLE_OBJC_ARC = YES;
				CLANG_ENABLE_OBJC_WEAK = YES;
				CLANG_WARN_BLOCK_CAPTURE_AUTORELEASING = YES;
				CLANG_WARN_BOOL_CONVERSION = YES;
				CLANG_WARN_COMMA = YES;
				CLANG_WARN_CONSTANT_CONVERSION = YES;
				CLANG_WARN_DEPRECATED_OBJC_IMPLEMENTATIONS = YES;
				CLANG_WARN_DIRECT_OBJC_ISA_USAGE = YES_ERROR;
				CLANG_WARN_DOCUMENTATION_COMMENTS = YES;
				CLANG_WARN_EMPTY_BODY = YES;
				CLANG_WARN_ENUM_CONVERSION = YES;
				CLANG_WARN_INFINITE_RECURSION = YES;
				CLANG_WARN_INT_CONVERSION = YES;
				CLANG_WARN_NON_LITERAL_NULL_CONVERSION = YES;
				CLANG_WARN_OBJC_IMPLICIT_RETAIN_SELF = YES;
				CLANG_WARN_OBJC_LITERAL_CONVERSION = YES;
				CLANG_WARN_OBJC_ROOT_CLASS = YES_ERROR;
				CLANG_WARN_QUOTED_INCLUDE_IN_FRAMEWORK_HEADER = YES;
				CLANG_WARN_RANGE_LOOP_ANALYSIS = YES;
				CLANG_WARN_STRICT_PROTOTYPES = YES;
				CLANG_WARN_SUSPICIOUS_MOVE = YES;
				CLANG_WARN_UNGUARDED_AVAILABILITY = YES_AGGRESSIVE;
				CLANG_WARN_UNREACHABLE_CODE = YES;
				CLANG_WARN__DUPLICATE_METHOD_MATCH = YES;
				COPY_PHASE_STRIP = NO;
				DEBUG_INFORMATION_FORMAT = dwarf;
				DEVELOPMENT_TEAM = 4AGNF4M662;
				ENABLE_STRICT_OBJC_MSGSEND = YES;
				ENABLE_TESTABILITY = YES;
				ENABLE_USER_SCRIPT_SANDBOXING = NO;
				GCC_C_LANGUAGE_STANDARD = gnu17;
				GCC_DYNAMIC_NO_PIC = NO;
				GCC_NO_COMMON_BLOCKS = YES;
				GCC_OPTIMIZATION_LEVEL = 0;
				GCC_PREPROCESSOR_DEFINITIONS = (
					"DEBUG=1",
					"$(inherited)",
				);
				GCC_WARN_64_TO_32_BIT_CONVERSION = YES;
				GCC_WARN_ABOUT_RETURN_TYPE = YES_ERROR;
				GCC_WARN_UNDECLARED_SELECTOR = YES;
				GCC_WARN_UNINITIALIZED_AUTOS = YES_AGGRESSIVE;
				GCC_WARN_UNUSED_FUNCTION = YES;
				GCC_WARN_UNUSED_VARIABLE = YES;
				IPHONEOS_DEPLOYMENT_TARGET = 17.0;
				LOCALIZATION_PREFERS_STRING_CATALOGS = YES;
				MTL_ENABLE_DEBUG_INFO = INCLUDE_SOURCE;
				MTL_FAST_MATH = YES;
				ONLY_ACTIVE_ARCH = YES;
				SDKROOT = iphoneos;
				SWIFT_ACTIVE_COMPILATION_CONDITIONS = "DEBUG $(inherited)";
				SWIFT_OPTIMIZATION_LEVEL = "-Onone";
			};
			name = Debug;
		};
		67305E9A2F9E05220034CAA8 /* Release */ = {
			isa = XCBuildConfiguration;
			buildSettings = {
				ALWAYS_SEARCH_USER_PATHS = NO;
				ASSETCATALOG_COMPILER_GENERATE_SWIFT_ASSET_SYMBOL_EXTENSIONS = YES;
				CLANG_ANALYZER_NONNULL = YES;
				CLANG_ANALYZER_NUMBER_OBJECT_CONVERSION = YES_AGGRESSIVE;
				CLANG_CXX_LANGUAGE_STANDARD = "gnu++20";
				CLANG_ENABLE_MODULES = YES;
				CLANG_ENABLE_OBJC_ARC = YES;
				CLANG_ENABLE_OBJC_WEAK = YES;
				CLANG_WARN_BLOCK_CAPTURE_AUTORELEASING = YES;
				CLANG_WARN_BOOL_CONVERSION = YES;
				CLANG_WARN_COMMA = YES;
				CLANG_WARN_CONSTANT_CONVERSION = YES;
				CLANG_WARN_DEPRECATED_OBJC_IMPLEMENTATIONS = YES;
				CLANG_WARN_DIRECT_OBJC_ISA_USAGE = YES_ERROR;
				CLANG_WARN_DOCUMENTATION_COMMENTS = YES;
				CLANG_WARN_EMPTY_BODY = YES;
				CLANG_WARN_ENUM_CONVERSION = YES;
				CLANG_WARN_INFINITE_RECURSION = YES;
				CLANG_WARN_INT_CONVERSION = YES;
				CLANG_WARN_NON_LITERAL_NULL_CONVERSION = YES;
				CLANG_WARN_OBJC_IMPLICIT_RETAIN_SELF = YES;
				CLANG_WARN_OBJC_LITERAL_CONVERSION = YES;
				CLANG_WARN_OBJC_ROOT_CLASS = YES_ERROR;
				CLANG_WARN_QUOTED_INCLUDE_IN_FRAMEWORK_HEADER = YES;
				CLANG_WARN_RANGE_LOOP_ANALYSIS = YES;
				CLANG_WARN_STRICT_PROTOTYPES = YES;
				CLANG_WARN_SUSPICIOUS_MOVE = YES;
				CLANG_WARN_UNGUARDED_AVAILABILITY = YES_AGGRESSIVE;
				CLANG_WARN_UNREACHABLE_CODE = YES;
				CLANG_WARN__DUPLICATE_METHOD_MATCH = YES;
				COPY_PHASE_STRIP = NO;
				DEBUG_INFORMATION_FORMAT = "dwarf-with-dsym";
				DEVELOPMENT_TEAM = 4AGNF4M662;
				ENABLE_NS_ASSERTIONS = NO;
				ENABLE_STRICT_OBJC_MSGSEND = YES;
				ENABLE_USER_SCRIPT_SANDBOXING = NO;
				GCC_C_LANGUAGE_STANDARD = gnu17;
				GCC_NO_COMMON_BLOCKS = YES;
				GCC_WARN_64_TO_32_BIT_CONVERSION = YES;
				GCC_WARN_ABOUT_RETURN_TYPE = YES_ERROR;
				GCC_WARN_UNDECLARED_SELECTOR = YES;
				GCC_WARN_UNINITIALIZED_AUTOS = YES_AGGRESSIVE;
				GCC_WARN_UNUSED_FUNCTION = YES;
				GCC_WARN_UNUSED_VARIABLE = YES;
				IPHONEOS_DEPLOYMENT_TARGET = 17.0;
				LOCALIZATION_PREFERS_STRING_CATALOGS = YES;
				MTL_ENABLE_DEBUG_INFO = NO;
				MTL_FAST_MATH = YES;
				SDKROOT = iphoneos;
				SWIFT_COMPILATION_MODE = wholemodule;
				VALIDATE_PRODUCT = YES;
			};
			name = Release;
		};
		67305E9C2F9E05220034CAA8 /* Debug */ = {
			isa = XCBuildConfiguration;
			buildSettings = {
				ASSETCATALOG_COMPILER_APPICON_NAME = AppIcon;
				ASSETCATALOG_COMPILER_GLOBAL_ACCENT_COLOR_NAME = AccentColor;
				CODE_SIGN_ENTITLEMENTS = ForeWiz/ForeWiz.entitlements;
				CODE_SIGN_IDENTITY = "Apple Development";
				CODE_SIGN_STYLE = Automatic;
				CURRENT_PROJECT_VERSION = 9;
				DEVELOPMENT_TEAM = Z8P38BHKU6;
				ENABLE_PREVIEWS = YES;
				GAD_APPLICATION_IDENTIFIER = "ca-app-pub-3940256099942544~1458002511";
				GAD_BANNER_AD_UNIT_ID = "ca-app-pub-3940256099942544/2435281174";
				GENERATE_INFOPLIST_FILE = NO;
				INFOPLIST_FILE = ForeWiz/Info.plist;
				INFOPLIST_KEY_CFBundleDisplayName = ForeWiz;
				INFOPLIST_KEY_LSApplicationCategoryType = "public.app-category.weather";
				LD_RUNPATH_SEARCH_PATHS = (
					"$(inherited)",
					"@executable_path/Frameworks",
				);
				MARKETING_VERSION = 1.0.0;
				OTHER_LDFLAGS = (
					"$(inherited)",
					"-framework",
					StoreKit,
					"-framework",
					WeatherKit,
					"-framework",
					CoreLocation,
					"-framework",
					UserNotifications,
					"-framework",
					WidgetKit,
				);
				OTHER_SWIFT_FLAGS = "$(inherited) -Xcc -Wno-incomplete-umbrella";
				PRODUCT_BUNDLE_IDENTIFIER = bilgenworks.forewiz.app;
				PRODUCT_NAME = ForeWiz;
				PROVISIONING_PROFILE_SPECIFIER = "";
				STRING_CATALOG_GENERATE_SYMBOLS = YES;
				SWIFT_APPROACHABLE_CONCURRENCY = YES;
				SWIFT_EMIT_LOC_STRINGS = YES;
				SWIFT_UPCOMING_FEATURE_MEMBER_IMPORT_VISIBILITY = YES;
				SWIFT_VERSION = 5.0;
				TARGETED_DEVICE_FAMILY = "1,2";
			};
			name = Debug;
		};
		67305E9D2F9E05220034CAA8 /* Release */ = {
			isa = XCBuildConfiguration;
			buildSettings = {
				ASSETCATALOG_COMPILER_APPICON_NAME = AppIcon;
				ASSETCATALOG_COMPILER_GLOBAL_ACCENT_COLOR_NAME = AccentColor;
				CODE_SIGN_ENTITLEMENTS = ForeWiz/ForeWiz.entitlements;
				CODE_SIGN_IDENTITY = "Apple Development";
				CODE_SIGN_STYLE = Automatic;
				CURRENT_PROJECT_VERSION = 9;
				DEVELOPMENT_TEAM = Z8P38BHKU6;
				ENABLE_PREVIEWS = YES;
				GAD_APPLICATION_IDENTIFIER = "";
				GAD_BANNER_AD_UNIT_ID = "";
				GENERATE_INFOPLIST_FILE = NO;
				INFOPLIST_FILE = ForeWiz/Info.plist;
				INFOPLIST_KEY_CFBundleDisplayName = ForeWiz;
				INFOPLIST_KEY_LSApplicationCategoryType = "public.app-category.weather";
				LD_RUNPATH_SEARCH_PATHS = (
					"$(inherited)",
					"@executable_path/Frameworks",
				);
				MARKETING_VERSION = 1.0.0;
				OTHER_LDFLAGS = (
					"$(inherited)",
					"-framework",
					StoreKit,
					"-framework",
					WeatherKit,
					"-framework",
					CoreLocation,
					"-framework",
					UserNotifications,
					"-framework",
					WidgetKit,
				);
				OTHER_SWIFT_FLAGS = "$(inherited) -Xcc -Wno-incomplete-umbrella";
				PRODUCT_BUNDLE_IDENTIFIER = bilgenworks.forewiz.app;
				PRODUCT_NAME = ForeWiz;
				PROVISIONING_PROFILE_SPECIFIER = "";
				STRING_CATALOG_GENERATE_SYMBOLS = YES;
				SWIFT_APPROACHABLE_CONCURRENCY = YES;
				SWIFT_EMIT_LOC_STRINGS = YES;
				SWIFT_UPCOMING_FEATURE_MEMBER_IMPORT_VISIBILITY = YES;
				SWIFT_VERSION = 5.0;
				TARGETED_DEVICE_FAMILY = "1,2";
			};
			name = Release;
		};
		67305E9F2F9E05220034CAA8 /* Debug */ = {
			isa = XCBuildConfiguration;
			buildSettings = {
				BUNDLE_LOADER = "$(TEST_HOST)";
				CODE_SIGN_STYLE = Automatic;
				CURRENT_PROJECT_VERSION = 9;
				DEVELOPMENT_TEAM = Z8P38BHKU6;
				GENERATE_INFOPLIST_FILE = YES;
				IPHONEOS_DEPLOYMENT_TARGET = 17.0;
				MARKETING_VERSION = 1.0.0;
				PRODUCT_BUNDLE_IDENTIFIER = burakbilgen.ForeWizTests;
				PRODUCT_NAME = "$(TARGET_NAME)";
				STRING_CATALOG_GENERATE_SYMBOLS = NO;
				SWIFT_APPROACHABLE_CONCURRENCY = YES;
				SWIFT_EMIT_LOC_STRINGS = NO;
				SWIFT_UPCOMING_FEATURE_MEMBER_IMPORT_VISIBILITY = YES;
				SWIFT_VERSION = 5.0;
				TARGETED_DEVICE_FAMILY = "1,2";
				TEST_HOST = "$(BUILT_PRODUCTS_DIR)/ForeWiz.app/$(BUNDLE_EXECUTABLE_FOLDER_PATH)/ForeWiz";
			};
			name = Debug;
		};
		67305EA02F9E05220034CAA8 /* Release */ = {
			isa = XCBuildConfiguration;
			buildSettings = {
				BUNDLE_LOADER = "$(TEST_HOST)";
				CODE_SIGN_STYLE = Automatic;
				CURRENT_PROJECT_VERSION = 9;
				DEVELOPMENT_TEAM = Z8P38BHKU6;
				GENERATE_INFOPLIST_FILE = YES;
				IPHONEOS_DEPLOYMENT_TARGET = 17.0;
				MARKETING_VERSION = 1.0.0;
				PRODUCT_BUNDLE_IDENTIFIER = burakbilgen.ForeWizTests;
				PRODUCT_NAME = "$(TARGET_NAME)";
				STRING_CATALOG_GENERATE_SYMBOLS = NO;
				SWIFT_APPROACHABLE_CONCURRENCY = YES;
				SWIFT_EMIT_LOC_STRINGS = NO;
				SWIFT_UPCOMING_FEATURE_MEMBER_IMPORT_VISIBILITY = YES;
				SWIFT_VERSION = 5.0;
				TARGETED_DEVICE_FAMILY = "1,2";
				TEST_HOST = "$(BUILT_PRODUCTS_DIR)/ForeWiz.app/$(BUNDLE_EXECUTABLE_FOLDER_PATH)/ForeWiz";
			};
			name = Release;
		};
		67305EA22F9E05220034CAA8 /* Debug */ = {
			isa = XCBuildConfiguration;
			buildSettings = {
				CODE_SIGN_STYLE = Automatic;
				CURRENT_PROJECT_VERSION = 9;
				DEVELOPMENT_TEAM = Z8P38BHKU6;
				GENERATE_INFOPLIST_FILE = YES;
				MARKETING_VERSION = 1.0.0;
				PRODUCT_BUNDLE_IDENTIFIER = burakbilgen.ForeWizUITests;
				PRODUCT_NAME = "$(TARGET_NAME)";
				STRING_CATALOG_GENERATE_SYMBOLS = NO;
				SWIFT_APPROACHABLE_CONCURRENCY = YES;
				SWIFT_EMIT_LOC_STRINGS = NO;
				SWIFT_UPCOMING_FEATURE_MEMBER_IMPORT_VISIBILITY = YES;
				SWIFT_VERSION = 5.0;
				TARGETED_DEVICE_FAMILY = "1,2";
				TEST_TARGET_NAME = ForeWiz;
			};
			name = Debug;
		};
		67305EA32F9E05220034CAA8 /* Release */ = {
			isa = XCBuildConfiguration;
			buildSettings = {
				CODE_SIGN_STYLE = Automatic;
				CURRENT_PROJECT_VERSION = 9;
				DEVELOPMENT_TEAM = Z8P38BHKU6;
				GENERATE_INFOPLIST_FILE = YES;
				MARKETING_VERSION = 1.0.0;
				PRODUCT_BUNDLE_IDENTIFIER = burakbilgen.ForeWizUITests;
				PRODUCT_NAME = "$(TARGET_NAME)";
				STRING_CATALOG_GENERATE_SYMBOLS = NO;
				SWIFT_APPROACHABLE_CONCURRENCY = YES;
				SWIFT_EMIT_LOC_STRINGS = NO;
				SWIFT_UPCOMING_FEATURE_MEMBER_IMPORT_VISIBILITY = YES;
				SWIFT_VERSION = 5.0;
				TARGETED_DEVICE_FAMILY = "1,2";
				TEST_TARGET_NAME = ForeWiz;
			};
			name = Release;
		};
		67564F3A2FD17414009899D6 /* Debug */ = {
			isa = XCBuildConfiguration;
			buildSettings = {
				ASSETCATALOG_COMPILER_GLOBAL_ACCENT_COLOR_NAME = AccentColor;
				ASSETCATALOG_COMPILER_WIDGET_BACKGROUND_COLOR_NAME = WidgetBackground;
				CODE_SIGN_IDENTITY = "Apple Development";
				CODE_SIGN_STYLE = Automatic;
				CURRENT_PROJECT_VERSION = 9;
				DEVELOPMENT_TEAM = Z8P38BHKU6;
				ENABLE_USER_SCRIPT_SANDBOXING = YES;
				GENERATE_INFOPLIST_FILE = YES;
				INFOPLIST_FILE = ForeWizLiveActivity/Info.plist;
				INFOPLIST_KEY_CFBundleDisplayName = ForeWizLiveActivity;
				INFOPLIST_KEY_NSHumanReadableCopyright = "";
				IPHONEOS_DEPLOYMENT_TARGET = 26.5;
				LD_RUNPATH_SEARCH_PATHS = (
					"$(inherited)",
					"@executable_path/Frameworks",
					"@executable_path/../../Frameworks",
				);
				MARKETING_VERSION = 1.0.0;
				PRODUCT_BUNDLE_IDENTIFIER = bilgenworks.forewiz.app.ForeWizLiveActivity;
				PRODUCT_NAME = "$(TARGET_NAME)";
				SKIP_INSTALL = YES;
				STRING_CATALOG_GENERATE_SYMBOLS = YES;
				SWIFT_APPROACHABLE_CONCURRENCY = YES;
				SWIFT_EMIT_LOC_STRINGS = YES;
				SWIFT_UPCOMING_FEATURE_MEMBER_IMPORT_VISIBILITY = YES;
				SWIFT_VERSION = 5.0;
				TARGETED_DEVICE_FAMILY = "1,2";
			};
			name = Debug;
		};
		67564F3B2FD17414009899D6 /* Release */ = {
			isa = XCBuildConfiguration;
			buildSettings = {
				ASSETCATALOG_COMPILER_GLOBAL_ACCENT_COLOR_NAME = AccentColor;
				ASSETCATALOG_COMPILER_WIDGET_BACKGROUND_COLOR_NAME = WidgetBackground;
				CODE_SIGN_IDENTITY = "Apple Development";
				CODE_SIGN_STYLE = Automatic;
				CURRENT_PROJECT_VERSION = 9;
				DEVELOPMENT_TEAM = Z8P38BHKU6;
				ENABLE_USER_SCRIPT_SANDBOXING = YES;
				GENERATE_INFOPLIST_FILE = YES;
				INFOPLIST_FILE = ForeWizLiveActivity/Info.plist;
				INFOPLIST_KEY_CFBundleDisplayName = ForeWizLiveActivity;
				INFOPLIST_KEY_NSHumanReadableCopyright = "";
				IPHONEOS_DEPLOYMENT_TARGET = 26.5;
				LD_RUNPATH_SEARCH_PATHS = (
					"$(inherited)",
					"@executable_path/Frameworks",
					"@executable_path/../../Frameworks",
				);
				MARKETING_VERSION = 1.0.0;
				PRODUCT_BUNDLE_IDENTIFIER = bilgenworks.forewiz.app.ForeWizLiveActivity;
				PRODUCT_NAME = "$(TARGET_NAME)";
				SKIP_INSTALL = YES;
				STRING_CATALOG_GENERATE_SYMBOLS = YES;
				SWIFT_APPROACHABLE_CONCURRENCY = YES;
				SWIFT_EMIT_LOC_STRINGS = YES;
				SWIFT_UPCOMING_FEATURE_MEMBER_IMPORT_VISIBILITY = YES;
				SWIFT_VERSION = 5.0;
				TARGETED_DEVICE_FAMILY = "1,2";
			};
			name = Release;
		};
		836EC714028689D09272B953 /* Debug */ = {
			isa = XCBuildConfiguration;
			buildSettings = {
				CLANG_ENABLE_OBJC_WEAK = NO;
				CODE_SIGN_ENTITLEMENTS = ForeWizWidgets/ForeWizWidgets.entitlements;
				CURRENT_PROJECT_VERSION = 9;
				DEVELOPMENT_TEAM = Z8P38BHKU6;
				GENERATE_INFOPLIST_FILE = NO;
				INFOPLIST_FILE = ForeWizWidgets/Info.plist;
				INFOPLIST_KEY_CFBundleDisplayName = ForeWiz;
				IPHONEOS_DEPLOYMENT_TARGET = 17.0;
				MARKETING_VERSION = 1.0.0;
				PRODUCT_BUNDLE_IDENTIFIER = bilgenworks.forewiz.app.widgets;
				PRODUCT_NAME = ForeWizWidgets;
				SDKROOT = iphoneos;
				SKIP_INSTALL = YES;
				SWIFT_VERSION = 5.0;
				TARGETED_DEVICE_FAMILY = 1;
			};
			name = Debug;
		};
		FEBAAFBC392C3C6090B62563 /* Release */ = {
			isa = XCBuildConfiguration;
			buildSettings = {
				CLANG_ENABLE_OBJC_WEAK = NO;
				CODE_SIGN_ENTITLEMENTS = ForeWizWidgets/ForeWizWidgets.entitlements;
				CURRENT_PROJECT_VERSION = 9;
				DEVELOPMENT_TEAM = Z8P38BHKU6;
				GENERATE_INFOPLIST_FILE = NO;
				INFOPLIST_FILE = ForeWizWidgets/Info.plist;
				INFOPLIST_KEY_CFBundleDisplayName = ForeWiz;
				IPHONEOS_DEPLOYMENT_TARGET = 17.0;
				MARKETING_VERSION = 1.0.0;
				PRODUCT_BUNDLE_IDENTIFIER = bilgenworks.forewiz.app.widgets;
				PRODUCT_NAME = ForeWizWidgets;
				SDKROOT = iphoneos;
				SKIP_INSTALL = YES;
				SWIFT_VERSION = 5.0;
				TARGETED_DEVICE_FAMILY = 1;
				VALIDATE_PRODUCT = YES;
			};
			name = Release;
		};
/* End XCBuildConfiguration section */

/* Begin XCConfigurationList section */
		67305E702F9E05210034CAA8 /* Build configuration list for PBXProject "ForeWiz" */ = {
			isa = XCConfigurationList;
			buildConfigurations = (
				67305E992F9E05220034CAA8 /* Debug */,
				67305E9A2F9E05220034CAA8 /* Release */,
			);
			defaultConfigurationIsVisible = 0;
			defaultConfigurationName = Release;
		};
		67305E9B2F9E05220034CAA8 /* Build configuration list for PBXNativeTarget "ForeWiz" */ = {
			isa = XCConfigurationList;
			buildConfigurations = (
				67305E9C2F9E05220034CAA8 /* Debug */,
				67305E9D2F9E05220034CAA8 /* Release */,
			);
			defaultConfigurationIsVisible = 0;
			defaultConfigurationName = Release;
		};
		67305E9E2F9E05220034CAA8 /* Build configuration list for PBXNativeTarget "ForeWizTests" */ = {
			isa = XCConfigurationList;
			buildConfigurations = (
				67305E9F2F9E05220034CAA8 /* Debug */,
				67305EA02F9E05220034CAA8 /* Release */,
			);
			defaultConfigurationIsVisible = 0;
			defaultConfigurationName = Release;
		};
		67305EA12F9E05220034CAA8 /* Build configuration list for PBXNativeTarget "ForeWizUITests" */ = {
			isa = XCConfigurationList;
			buildConfigurations = (
				67305EA22F9E05220034CAA8 /* Debug */,
				67305EA32F9E05220034CAA8 /* Release */,
			);
			defaultConfigurationIsVisible = 0;
			defaultConfigurationName = Release;
		};
		67564F392FD17414009899D6 /* Build configuration list for PBXNativeTarget "ForeWizLiveActivityExtension" */ = {
			isa = XCConfigurationList;
			buildConfigurations = (
				67564F3A2FD17414009899D6 /* Debug */,
				67564F3B2FD17414009899D6 /* Release */,
			);
			defaultConfigurationIsVisible = 0;
			defaultConfigurationName = Release;
		};
		CFF4270BA14DFACD9DB5CE42 /* Build configuration list for PBXNativeTarget "ForeWizWidgets" */ = {
			isa = XCConfigurationList;
			buildConfigurations = (
				FEBAAFBC392C3C6090B62563 /* Release */,
				836EC714028689D09272B953 /* Debug */,
			);
			defaultConfigurationIsVisible = 0;
			defaultConfigurationName = Release;
		};
/* End XCConfigurationList section */

/* Begin XCLocalSwiftPackageReference section */
		8671DBB5C9BD4E30B82824EF /* XCLocalSwiftPackageReference "Packages/WizPathKit" */ = {
			isa = XCLocalSwiftPackageReference;
			relativePath = Packages/WizPathKit;
		};
/* End XCLocalSwiftPackageReference section */

/* Begin XCRemoteSwiftPackageReference section */
		A1B2C3D4E5F6A7B8C9D0E1F2 /* XCRemoteSwiftPackageReference "swift-package-manager-google-mobile-ads" */ = {
			isa = XCRemoteSwiftPackageReference;
			repositoryURL = "https://github.com/googleads/swift-package-manager-google-mobile-ads.git";
			requirement = {
				kind = upToNextMajorVersion;
				minimumVersion = 13.0.0;
			};
		};
		B7D4C6A8E2F14A29901BC002 /* XCRemoteSwiftPackageReference "swift-package-manager-google-user-messaging-platform" */ = {
			isa = XCRemoteSwiftPackageReference;
			repositoryURL = "https://github.com/googleads/swift-package-manager-google-user-messaging-platform.git";
			requirement = {
				kind = upToNextMajorVersion;
				minimumVersion = 3.0.0;
			};
		};
/* End XCRemoteSwiftPackageReference section */

/* Begin XCSwiftPackageProductDependency section */
		602DB7FA0C674B51B697523A /* WizPathKit */ = {
			isa = XCSwiftPackageProductDependency;
			package = 8671DBB5C9BD4E30B82824EF /* XCLocalSwiftPackageReference "Packages/WizPathKit" */;
			productName = WizPathKit;
		};
		67564F3F2FD17827009899D6 /* WizPathKit */ = {
			isa = XCSwiftPackageProductDependency;
			package = 8671DBB5C9BD4E30B82824EF /* XCLocalSwiftPackageReference "Packages/WizPathKit" */;
			productName = WizPathKit;
		};
		A1B2C3D4E5F6A7B8C9D0E1F3 /* GoogleMobileAds */ = {
			isa = XCSwiftPackageProductDependency;
			package = A1B2C3D4E5F6A7B8C9D0E1F2 /* XCRemoteSwiftPackageReference "swift-package-manager-google-mobile-ads" */;
			productName = GoogleMobileAds;
		};
		B7D4C6A8E2F14A29901BC003 /* GoogleUserMessagingPlatform */ = {
			isa = XCSwiftPackageProductDependency;
			package = B7D4C6A8E2F14A29901BC002 /* XCRemoteSwiftPackageReference "swift-package-manager-google-user-messaging-platform" */;
			productName = GoogleUserMessagingPlatform;
		};
/* End XCSwiftPackageProductDependency section */
	};
	rootObject = 67305E6D2F9E05210034CAA8 /* Project object */;
}
